// !$*UTF8*$!
{
	archiveVersion = 1;
	classes = {
	};
	objectVersion = 56;
	objects = {

/* Begin PBXBuildFile section */
		186E81152CAFE02F00D1FBED /* HomeVC.swift in Sources */ = {isa = PBXBuildFile; fileRef = 186E81132CAFE02F00D1FBED /* HomeVC.swift */; };
		186E81162CAFE02F00D1FBED /* HomeVC.xib in Resources */ = {isa = PBXBuildFile; fileRef = 186E81142CAFE02F00D1FBED /* HomeVC.xib */; };
		186E811C2CAFE19900D1FBED /* SettingVC.swift in Sources */ = {isa = PBXBuildFile; fileRef = 186E811A2CAFE19900D1FBED /* SettingVC.swift */; };
		186E811D2CAFE19900D1FBED /* SettingVC.xib in Resources */ = {isa = PBXBuildFile; fileRef = 186E811B2CAFE19900D1FBED /* SettingVC.xib */; };
		186E81202CAFE1B200D1FBED /* LikeVC.swift in Sources */ = {isa = PBXBuildFile; fileRef = 186E811E2CAFE1B200D1FBED /* LikeVC.swift */; };
		186E81212CAFE1B200D1FBED /* LikeVC.xib in Resources */ = {isa = PBXBuildFile; fileRef = 186E811F2CAFE1B200D1FBED /* LikeVC.xib */; };
		186E81242CAFE1CB00D1FBED /* ProfileVC.swift in Sources */ = {isa = PBXBuildFile; fileRef = 186E81222CAFE1CB00D1FBED /* ProfileVC.swift */; };
		186E81252CAFE1CB00D1FBED /* ProfileVC.xib in Resources */ = {isa = PBXBuildFile; fileRef = 186E81232CAFE1CB00D1FBED /* ProfileVC.xib */; };
		186E81272CAFF97200D1FBED /* HomeViewModel.swift in Sources */ = {isa = PBXBuildFile; fileRef = 186E81262CAFF97200D1FBED /* HomeViewModel.swift */; };
		186E812A2CAFFB1100D1FBED /* TitleCollectionCell.swift in Sources */ = {isa = PBXBuildFile; fileRef = 186E81282CAFFB1100D1FBED /* TitleCollectionCell.swift */; };
		186E812B2CAFFB1100D1FBED /* TitleCollectionCell.xib in Resources */ = {isa = PBXBuildFile; fileRef = 186E81292CAFFB1100D1FBED /* TitleCollectionCell.xib */; };
		186E812F2CAFFB8200D1FBED /* Cell+Extension.swift in Sources */ = {isa = PBXBuildFile; fileRef = 186E812E2CAFFB8200D1FBED /* Cell+Extension.swift */; };
		186E81312CB0053600D1FBED /* String+Extension.swift in Sources */ = {isa = PBXBuildFile; fileRef = 186E81302CB0053600D1FBED /* String+Extension.swift */; };
		186E81342CB00DFA00D1FBED /* MusicCollectionCell.swift in Sources */ = {isa = PBXBuildFile; fileRef = 186E81322CB00DFA00D1FBED /* MusicCollectionCell.swift */; };
		186E81352CB00DFA00D1FBED /* MusicCollectionCell.xib in Resources */ = {isa = PBXBuildFile; fileRef = 186E81332CB00DFA00D1FBED /* MusicCollectionCell.xib */; };
		186E813E2CB0165500D1FBED /* MusicListCell.swift in Sources */ = {isa = PBXBuildFile; fileRef = 186E813C2CB0165500D1FBED /* MusicListCell.swift */; };
		186E813F2CB0165500D1FBED /* MusicListCell.xib in Resources */ = {isa = PBXBuildFile; fileRef = 186E813D2CB0165500D1FBED /* MusicListCell.xib */; };
		18708CB72CAFD3340054780C /* ColorConstants .swift in Sources */ = {isa = PBXBuildFile; fileRef = 18708CB62CAFD3340054780C /* ColorConstants .swift */; };
		1870A2B02CAFC0C10039DCCB /* TabBarController.swift in Sources */ = {isa = PBXBuildFile; fileRef = 1870A2AF2CAFC0C10039DCCB /* TabBarController.swift */; };
		1870A2B22CAFC20A0039DCCB /* ImageConstants .swift in Sources */ = {isa = PBXBuildFile; fileRef = 1870A2B12CAFC20A0039DCCB /* ImageConstants .swift */; };
		1870A2B42CAFCB610039DCCB /* UIViewController+Extension.swift in Sources */ = {isa = PBXBuildFile; fileRef = 1870A2B32CAFCB600039DCCB /* UIViewController+Extension.swift */; };
		187585792CB3BAE000D79781 /* HomeBuilder.swift in Sources */ = {isa = PBXBuildFile; fileRef = 187585782CB3BAE000D79781 /* HomeBuilder.swift */; };
		1875857B2CB3C04C00D79781 /* SongModel.swift in Sources */ = {isa = PBXBuildFile; fileRef = 1875857A2CB3C04C00D79781 /* SongModel.swift */; };
		1875857F2CB3D49A00D79781 /* ArtistVC.swift in Sources */ = {isa = PBXBuildFile; fileRef = 1875857D2CB3D49A00D79781 /* ArtistVC.swift */; };
		187585802CB3D49A00D79781 /* ArtistVC.xib in Resources */ = {isa = PBXBuildFile; fileRef = 1875857E2CB3D49A00D79781 /* ArtistVC.xib */; };
		187585832CB3E0C000D79781 /* AlbumsCollectionViewCell.swift in Sources */ = {isa = PBXBuildFile; fileRef = 187585812CB3E0BF00D79781 /* AlbumsCollectionViewCell.swift */; };
		187585842CB3E0C000D79781 /* AlbumsCollectionViewCell.xib in Resources */ = {isa = PBXBuildFile; fileRef = 187585822CB3E0C000D79781 /* AlbumsCollectionViewCell.xib */; };
		187585862CB3F2E900D79781 /* UIColor+Extension.swift in Sources */ = {isa = PBXBuildFile; fileRef = 187585852CB3F2E900D79781 /* UIColor+Extension.swift */; };
		187585882CB3FB7000D79781 /* UIImage+Extension.swift in Sources */ = {isa = PBXBuildFile; fileRef = 187585872CB3FB7000D79781 /* UIImage+Extension.swift */; };
		1875858E2CB402B700D79781 /* NowPlayingVC.swift in Sources */ = {isa = PBXBuildFile; fileRef = 1875858C2CB402B700D79781 /* NowPlayingVC.swift */; };
		1875858F2CB402B700D79781 /* NowPlayingVC.xib in Resources */ = {isa = PBXBuildFile; fileRef = 1875858D2CB402B700D79781 /* NowPlayingVC.xib */; };
		187DDF022CB529120021EBBA /* ProfileViewModel.swift in Sources */ = {isa = PBXBuildFile; fileRef = 187DDF012CB529120021EBBA /* ProfileViewModel.swift */; };
		187DDF082CB52E0A0021EBBA /* ProfileModel.swift in Sources */ = {isa = PBXBuildFile; fileRef = 187DDF072CB52E0A0021EBBA /* ProfileModel.swift */; };
		187DDF0C2CB52E3B0021EBBA /* ProfileBuilder.swift in Sources */ = {isa = PBXBuildFile; fileRef = 187DDF0B2CB52E3B0021EBBA /* ProfileBuilder.swift */; };
		187DDF0E2CB531D30021EBBA /* BottomCornerView.swift in Sources */ = {isa = PBXBuildFile; fileRef = 187DDF0D2CB531D30021EBBA /* BottomCornerView.swift */; };
		187DDF102CB533B40021EBBA /* UIView+Extension.swift in Sources */ = {isa = PBXBuildFile; fileRef = 187DDF0F2CB533B40021EBBA /* UIView+Extension.swift */; };
		187DDF132CB536370021EBBA /* PlayListTableViewCell.swift in Sources */ = {isa = PBXBuildFile; fileRef = 187DDF112CB536370021EBBA /* PlayListTableViewCell.swift */; };
		187DDF142CB536370021EBBA /* PlayListTableViewCell.xib in Resources */ = {isa = PBXBuildFile; fileRef = 187DDF122CB536370021EBBA /* PlayListTableViewCell.xib */; };
		187DDF162CB5405D0021EBBA /* PlayListModel.swift in Sources */ = {isa = PBXBuildFile; fileRef = 187DDF152CB5405D0021EBBA /* PlayListModel.swift */; };
		1889E3B32CAE6678004BBF12 /* AppDelegate.swift in Sources */ = {isa = PBXBuildFile; fileRef = 1889E3B22CAE6678004BBF12 /* AppDelegate.swift */; };
		1889E3B52CAE6678004BBF12 /* SceneDelegate.swift in Sources */ = {isa = PBXBuildFile; fileRef = 1889E3B42CAE6678004BBF12 /* SceneDelegate.swift */; };
		1889E3BA2CAE6678004BBF12 /* Main.storyboard in Resources */ = {isa = PBXBuildFile; fileRef = 1889E3B82CAE6678004BBF12 /* Main.storyboard */; };
		1889E3BD2CAE6678004BBF12 /* SpotifyClone.xcdatamodeld in Sources */ = {isa = PBXBuildFile; fileRef = 1889E3BB2CAE6678004BBF12 /* SpotifyClone.xcdatamodeld */; };
		1889E3BF2CAE668D004BBF12 /* Assets.xcassets in Resources */ = {isa = PBXBuildFile; fileRef = 1889E3BE2CAE668D004BBF12 /* Assets.xcassets */; };
		1889E3C22CAE668D004BBF12 /* LaunchScreen.storyboard in Resources */ = {isa = PBXBuildFile; fileRef = 1889E3C02CAE668D004BBF12 /* LaunchScreen.storyboard */; };
		1889E3D52CAE6C1F004BBF12 /* OnboardingFirstVC.swift in Sources */ = {isa = PBXBuildFile; fileRef = 1889E3D32CAE6C1F004BBF12 /* OnboardingFirstVC.swift */; };
		1889E3D62CAE6C1F004BBF12 /* OnboardingFirstVC.xib in Resources */ = {isa = PBXBuildFile; fileRef = 1889E3D42CAE6C1F004BBF12 /* OnboardingFirstVC.xib */; };
		1889E3D92CAE72F3004BBF12 /* OnboardingSecondVC.swift in Sources */ = {isa = PBXBuildFile; fileRef = 1889E3D72CAE72F3004BBF12 /* OnboardingSecondVC.swift */; };
		1889E3DA2CAE72F3004BBF12 /* OnboardingSecondVC.xib in Resources */ = {isa = PBXBuildFile; fileRef = 1889E3D82CAE72F3004BBF12 /* OnboardingSecondVC.xib */; };
		1889E3DE2CAE8C72004BBF12 /* RegisterOrSignupVC.swift in Sources */ = {isa = PBXBuildFile; fileRef = 1889E3DC2CAE8C72004BBF12 /* RegisterOrSignupVC.swift */; };
		1889E3DF2CAE8C72004BBF12 /* RegisterOrSignupVC.xib in Resources */ = {isa = PBXBuildFile; fileRef = 1889E3DD2CAE8C72004BBF12 /* RegisterOrSignupVC.xib */; };
		1889E3E22CAE91D5004BBF12 /* SignInVC.swift in Sources */ = {isa = PBXBuildFile; fileRef = 1889E3E02CAE91D5004BBF12 /* SignInVC.swift */; };
		1889E3E32CAE91D5004BBF12 /* SignInVC.xib in Resources */ = {isa = PBXBuildFile; fileRef = 1889E3E12CAE91D5004BBF12 /* SignInVC.xib */; };
		1889E3E62CAEA3A3004BBF12 /* CustomTextfieldView.swift in Sources */ = {isa = PBXBuildFile; fileRef = 1889E3E52CAEA3A3004BBF12 /* CustomTextfieldView.swift */; };
		1889E3E82CAEA3B3004BBF12 /* CustomTextfieldView.xib in Resources */ = {isa = PBXBuildFile; fileRef = 1889E3E72CAEA3B3004BBF12 /* CustomTextfieldView.xib */; };
		1889E3EA2CAEBDE7004BBF12 /* DeviceHelper.swift in Sources */ = {isa = PBXBuildFile; fileRef = 1889E3E92CAEBDE7004BBF12 /* DeviceHelper.swift */; };
		1889E3ED2CAEC91F004BBF12 /* RegisterVC.swift in Sources */ = {isa = PBXBuildFile; fileRef = 1889E3EB2CAEC91F004BBF12 /* RegisterVC.swift */; };
		1889E3EE2CAEC91F004BBF12 /* RegisterVC.xib in Resources */ = {isa = PBXBuildFile; fileRef = 1889E3EC2CAEC91F004BBF12 /* RegisterVC.xib */; };
/* End PBXBuildFile section */

/* Begin PBXFileReference section */
		186E81132CAFE02F00D1FBED /* HomeVC.swift */ = {isa = PBXFileReference; lastKnownFileType = sourcecode.swift; path = HomeVC.swift; sourceTree = "<group>"; };
		186E81142CAFE02F00D1FBED /* HomeVC.xib */ = {isa = PBXFileReference; lastKnownFileType = file.xib; path = HomeVC.xib; sourceTree = "<group>"; };
		186E811A2CAFE19900D1FBED /* SettingVC.swift */ = {isa = PBXFileReference; lastKnownFileType = sourcecode.swift; path = SettingVC.swift; sourceTree = "<group>"; };
		186E811B2CAFE19900D1FBED /* SettingVC.xib */ = {isa = PBXFileReference; lastKnownFileType = file.xib; path = SettingVC.xib; sourceTree = "<group>"; };
		186E811E2CAFE1B200D1FBED /* LikeVC.swift */ = {isa = PBXFileReference; lastKnownFileType = sourcecode.swift; path = LikeVC.swift; sourceTree = "<group>"; };
		186E811F2CAFE1B200D1FBED /* LikeVC.xib */ = {isa = PBXFileReference; lastKnownFileType = file.xib; path = LikeVC.xib; sourceTree = "<group>"; };
		186E81222CAFE1CB00D1FBED /* ProfileVC.swift */ = {isa = PBXFileReference; lastKnownFileType = sourcecode.swift; path = ProfileVC.swift; sourceTree = "<group>"; };
		186E81232CAFE1CB00D1FBED /* ProfileVC.xib */ = {isa = PBXFileReference; lastKnownFileType = file.xib; path = ProfileVC.xib; sourceTree = "<group>"; };
		186E81262CAFF97200D1FBED /* HomeViewModel.swift */ = {isa = PBXFileReference; lastKnownFileType = sourcecode.swift; path = HomeViewModel.swift; sourceTree = "<group>"; };
		186E81282CAFFB1100D1FBED /* TitleCollectionCell.swift */ = {isa = PBXFileReference; lastKnownFileType = sourcecode.swift; path = TitleCollectionCell.swift; sourceTree = "<group>"; };
		186E81292CAFFB1100D1FBED /* TitleCollectionCell.xib */ = {isa = PBXFileReference; lastKnownFileType = file.xib; path = TitleCollectionCell.xib; sourceTree = "<group>"; };
		186E812E2CAFFB8200D1FBED /* Cell+Extension.swift */ = {isa = PBXFileReference; lastKnownFileType = sourcecode.swift; path = "Cell+Extension.swift"; sourceTree = "<group>"; };
		186E81302CB0053600D1FBED /* String+Extension.swift */ = {isa = PBXFileReference; lastKnownFileType = sourcecode.swift; path = "String+Extension.swift"; sourceTree = "<group>"; };
		186E81322CB00DFA00D1FBED /* MusicCollectionCell.swift */ = {isa = PBXFileReference; lastKnownFileType = sourcecode.swift; path = MusicCollectionCell.swift; sourceTree = "<group>"; };
		186E81332CB00DFA00D1FBED /* MusicCollectionCell.xib */ = {isa = PBXFileReference; lastKnownFileType = file.xib; path = MusicCollectionCell.xib; sourceTree = "<group>"; };
		186E813C2CB0165500D1FBED /* MusicListCell.swift */ = {isa = PBXFileReference; lastKnownFileType = sourcecode.swift; path = MusicListCell.swift; sourceTree = "<group>"; };
		186E813D2CB0165500D1FBED /* MusicListCell.xib */ = {isa = PBXFileReference; lastKnownFileType = file.xib; path = MusicListCell.xib; sourceTree = "<group>"; };
		18708CB62CAFD3340054780C /* ColorConstants .swift */ = {isa = PBXFileReference; lastKnownFileType = sourcecode.swift; path = "ColorConstants .swift"; sourceTree = "<group>"; };
		1870A2AF2CAFC0C10039DCCB /* TabBarController.swift */ = {isa = PBXFileReference; lastKnownFileType = sourcecode.swift; path = TabBarController.swift; sourceTree = "<group>"; };
		1870A2B12CAFC20A0039DCCB /* ImageConstants .swift */ = {isa = PBXFileReference; lastKnownFileType = sourcecode.swift; path = "ImageConstants .swift"; sourceTree = "<group>"; };
		1870A2B32CAFCB600039DCCB /* UIViewController+Extension.swift */ = {isa = PBXFileReference; lastKnownFileType = sourcecode.swift; path = "UIViewController+Extension.swift"; sourceTree = "<group>"; };
		187585782CB3BAE000D79781 /* HomeBuilder.swift */ = {isa = PBXFileReference; lastKnownFileType = sourcecode.swift; path = HomeBuilder.swift; sourceTree = "<group>"; };
		1875857A2CB3C04C00D79781 /* SongModel.swift */ = {isa = PBXFileReference; lastKnownFileType = sourcecode.swift; path = SongModel.swift; sourceTree = "<group>"; };
		1875857D2CB3D49A00D79781 /* ArtistVC.swift */ = {isa = PBXFileReference; lastKnownFileType = sourcecode.swift; path = ArtistVC.swift; sourceTree = "<group>"; };
		1875857E2CB3D49A00D79781 /* ArtistVC.xib */ = {isa = PBXFileReference; lastKnownFileType = file.xib; path = ArtistVC.xib; sourceTree = "<group>"; };
		187585812CB3E0BF00D79781 /* AlbumsCollectionViewCell.swift */ = {isa = PBXFileReference; lastKnownFileType = sourcecode.swift; path = AlbumsCollectionViewCell.swift; sourceTree = "<group>"; };
		187585822CB3E0C000D79781 /* AlbumsCollectionViewCell.xib */ = {isa = PBXFileReference; lastKnownFileType = file.xib; path = AlbumsCollectionViewCell.xib; sourceTree = "<group>"; };
		187585852CB3F2E900D79781 /* UIColor+Extension.swift */ = {isa = PBXFileReference; lastKnownFileType = sourcecode.swift; path = "UIColor+Extension.swift"; sourceTree = "<group>"; };
		187585872CB3FB7000D79781 /* UIImage+Extension.swift */ = {isa = PBXFileReference; lastKnownFileType = sourcecode.swift; path = "UIImage+Extension.swift"; sourceTree = "<group>"; };
		1875858C2CB402B700D79781 /* NowPlayingVC.swift */ = {isa = PBXFileReference; lastKnownFileType = sourcecode.swift; path = NowPlayingVC.swift; sourceTree = "<group>"; };
		1875858D2CB402B700D79781 /* NowPlayingVC.xib */ = {isa = PBXFileReference; lastKnownFileType = file.xib; path = NowPlayingVC.xib; sourceTree = "<group>"; };
		187DDF012CB529120021EBBA /* ProfileViewModel.swift */ = {isa = PBXFileReference; lastKnownFileType = sourcecode.swift; path = ProfileViewModel.swift; sourceTree = "<group>"; };
		187DDF072CB52E0A0021EBBA /* ProfileModel.swift */ = {isa = PBXFileReference; lastKnownFileType = sourcecode.swift; path = ProfileModel.swift; sourceTree = "<group>"; };
		187DDF0B2CB52E3B0021EBBA /* ProfileBuilder.swift */ = {isa = PBXFileReference; lastKnownFileType = sourcecode.swift; path = ProfileBuilder.swift; sourceTree = "<group>"; };
		187DDF0D2CB531D30021EBBA /* BottomCornerView.swift */ = {isa = PBXFileReference; lastKnownFileType = sourcecode.swift; path = BottomCornerView.swift; sourceTree = "<group>"; };
		187DDF0F2CB533B40021EBBA /* UIView+Extension.swift */ = {isa = PBXFileReference; lastKnownFileType = sourcecode.swift; path = "UIView+Extension.swift"; sourceTree = "<group>"; };
		187DDF112CB536370021EBBA /* PlayListTableViewCell.swift */ = {isa = PBXFileReference; lastKnownFileType = sourcecode.swift; path = PlayListTableViewCell.swift; sourceTree = "<group>"; };
		187DDF122CB536370021EBBA /* PlayListTableViewCell.xib */ = {isa = PBXFileReference; lastKnownFileType = file.xib; path = PlayListTableViewCell.xib; sourceTree = "<group>"; };
		187DDF152CB5405D0021EBBA /* PlayListModel.swift */ = {isa = PBXFileReference; lastKnownFileType = sourcecode.swift; path = PlayListModel.swift; sourceTree = "<group>"; };
		1889E3AF2CAE6678004BBF12 /* SpotifyClone.app */ = {isa = PBXFileReference; explicitFileType = wrapper.application; includeInIndex = 0; path = SpotifyClone.app; sourceTree = BUILT_PRODUCTS_DIR; };
		1889E3B22CAE6678004BBF12 /* AppDelegate.swift */ = {isa = PBXFileReference; lastKnownFileType = sourcecode.swift; path = AppDelegate.swift; sourceTree = "<group>"; };
		1889E3B42CAE6678004BBF12 /* SceneDelegate.swift */ = {isa = PBXFileReference; lastKnownFileType = sourcecode.swift; path = SceneDelegate.swift; sourceTree = "<group>"; };
		1889E3B92CAE6678004BBF12 /* Base */ = {isa = PBXFileReference; lastKnownFileType = file.storyboard; name = Base; path = Base.lproj/Main.storyboard; sourceTree = "<group>"; };
		1889E3BC2CAE6678004BBF12 /* SpotifyClone.xcdatamodel */ = {isa = PBXFileReference; lastKnownFileType = wrapper.xcdatamodel; path = SpotifyClone.xcdatamodel; sourceTree = "<group>"; };
		1889E3BE2CAE668D004BBF12 /* Assets.xcassets */ = {isa = PBXFileReference; lastKnownFileType = folder.assetcatalog; path = Assets.xcassets; sourceTree = "<group>"; };
		1889E3C12CAE668D004BBF12 /* Base */ = {isa = PBXFileReference; lastKnownFileType = file.storyboard; name = Base; path = Base.lproj/LaunchScreen.storyboard; sourceTree = "<group>"; };
		1889E3C32CAE668D004BBF12 /* Info.plist */ = {isa = PBXFileReference; lastKnownFileType = text.plist.xml; path = Info.plist; sourceTree = "<group>"; };
		1889E3D32CAE6C1F004BBF12 /* OnboardingFirstVC.swift */ = {isa = PBXFileReference; lastKnownFileType = sourcecode.swift; path = OnboardingFirstVC.swift; sourceTree = "<group>"; };
		1889E3D42CAE6C1F004BBF12 /* OnboardingFirstVC.xib */ = {isa = PBXFileReference; lastKnownFileType = file.xib; path = OnboardingFirstVC.xib; sourceTree = "<group>"; };
		1889E3D72CAE72F3004BBF12 /* OnboardingSecondVC.swift */ = {isa = PBXFileReference; lastKnownFileType = sourcecode.swift; path = OnboardingSecondVC.swift; sourceTree = "<group>"; };
		1889E3D82CAE72F3004BBF12 /* OnboardingSecondVC.xib */ = {isa = PBXFileReference; lastKnownFileType = file.xib; path = OnboardingSecondVC.xib; sourceTree = "<group>"; };
		1889E3DC2CAE8C72004BBF12 /* RegisterOrSignupVC.swift */ = {isa = PBXFileReference; lastKnownFileType = sourcecode.swift; path = RegisterOrSignupVC.swift; sourceTree = "<group>"; };
		1889E3DD2CAE8C72004BBF12 /* RegisterOrSignupVC.xib */ = {isa = PBXFileReference; lastKnownFileType = file.xib; path = RegisterOrSignupVC.xib; sourceTree = "<group>"; };
		1889E3E02CAE91D5004BBF12 /* SignInVC.swift */ = {isa = PBXFileReference; lastKnownFileType = sourcecode.swift; path = SignInVC.swift; sourceTree = "<group>"; };
		1889E3E12CAE91D5004BBF12 /* SignInVC.xib */ = {isa = PBXFileReference; lastKnownFileType = file.xib; path = SignInVC.xib; sourceTree = "<group>"; };
		1889E3E52CAEA3A3004BBF12 /* CustomTextfieldView.swift */ = {isa = PBXFileReference; lastKnownFileType = sourcecode.swift; path = CustomTextfieldView.swift; sourceTree = "<group>"; };
		1889E3E72CAEA3B3004BBF12 /* CustomTextfieldView.xib */ = {isa = PBXFileReference; lastKnownFileType = file.xib; path = CustomTextfieldView.xib; sourceTree = "<group>"; };
		1889E3E92CAEBDE7004BBF12 /* DeviceHelper.swift */ = {isa = PBXFileReference; lastKnownFileType = sourcecode.swift; path = DeviceHelper.swift; sourceTree = "<group>"; };
		1889E3EB2CAEC91F004BBF12 /* RegisterVC.swift */ = {isa = PBXFileReference; lastKnownFileType = sourcecode.swift; path = RegisterVC.swift; sourceTree = "<group>"; };
		1889E3EC2CAEC91F004BBF12 /* RegisterVC.xib */ = {isa = PBXFileReference; lastKnownFileType = file.xib; path = RegisterVC.xib; sourceTree = "<group>"; };
/* End PBXFileReference section */

/* Begin PBXFrameworksBuildPhase section */
		1889E3AC2CAE6678004BBF12 /* Frameworks */ = {
			isa = PBXFrameworksBuildPhase;
			buildActionMask = 2147483647;
			files = (
			);
			runOnlyForDeploymentPostprocessing = 0;
		};
/* End PBXFrameworksBuildPhase section */

/* Begin PBXGroup section */
		186E810F2CAFDFD800D1FBED /* Home */ = {
			isa = PBXGroup;
			children = (
				187585772CB3BABE00D79781 /* Builder */,
				186E81102CAFDFE900D1FBED /* Model */,
				186E81112CAFDFF000D1FBED /* View */,
				186E81122CAFDFF600D1FBED /* ViewModel */,
			);
			path = Home;
			sourceTree = "<group>";
		};
		186E81102CAFDFE900D1FBED /* Model */ = {
			isa = PBXGroup;
			children = (
				1875857A2CB3C04C00D79781 /* SongModel.swift */,
			);
			path = Model;
			sourceTree = "<group>";
		};
		186E81112CAFDFF000D1FBED /* View */ = {
			isa = PBXGroup;
			children = (
				186E812D2CAFFB2B00D1FBED /* ViewControllers  */,
				186E812C2CAFFB2000D1FBED /* Cells */,
			);
			path = View;
			sourceTree = "<group>";
		};
		186E81122CAFDFF600D1FBED /* ViewModel */ = {
			isa = PBXGroup;
			children = (
				186E81262CAFF97200D1FBED /* HomeViewModel.swift */,
			);
			path = ViewModel;
			sourceTree = "<group>";
		};
		186E81172CAFE13600D1FBED /* Setting */ = {
			isa = PBXGroup;
			children = (
				186E811A2CAFE19900D1FBED /* SettingVC.swift */,
				186E811B2CAFE19900D1FBED /* SettingVC.xib */,
			);
			path = Setting;
			sourceTree = "<group>";
		};
		186E81182CAFE14400D1FBED /* Likes */ = {
			isa = PBXGroup;
			children = (
				186E811E2CAFE1B200D1FBED /* LikeVC.swift */,
				186E811F2CAFE1B200D1FBED /* LikeVC.xib */,
			);
			path = Likes;
			sourceTree = "<group>";
		};
		186E81192CAFE16100D1FBED /* Profile */ = {
			isa = PBXGroup;
			children = (
				187DDF0A2CB52E230021EBBA /* ProfileBuilder */,
				187DDF032CB52DC50021EBBA /* Model */,
				187DDF052CB52DD20021EBBA /* View */,
				187DDF092CB52E130021EBBA /* ViewModel */,
			);
			path = Profile;
			sourceTree = "<group>";
		};
		186E812C2CAFFB2000D1FBED /* Cells */ = {
			isa = PBXGroup;
			children = (
				186E81372CB015F600D1FBED /* TableCells */,
				186E81362CB015CC00D1FBED /* CollectionCells */,
			);
			path = Cells;
			sourceTree = "<group>";
		};
		186E812D2CAFFB2B00D1FBED /* ViewControllers  */ = {
			isa = PBXGroup;
			children = (
				186E81132CAFE02F00D1FBED /* HomeVC.swift */,
				186E81142CAFE02F00D1FBED /* HomeVC.xib */,
			);
			path = "ViewControllers ";
			sourceTree = "<group>";
		};
		186E81362CB015CC00D1FBED /* CollectionCells */ = {
			isa = PBXGroup;
			children = (
				186E81282CAFFB1100D1FBED /* TitleCollectionCell.swift */,
				186E81292CAFFB1100D1FBED /* TitleCollectionCell.xib */,
				186E81322CB00DFA00D1FBED /* MusicCollectionCell.swift */,
				186E81332CB00DFA00D1FBED /* MusicCollectionCell.xib */,
			);
			path = CollectionCells;
			sourceTree = "<group>";
		};
		186E81372CB015F600D1FBED /* TableCells */ = {
			isa = PBXGroup;
			children = (
				186E813C2CB0165500D1FBED /* MusicListCell.swift */,
				186E813D2CB0165500D1FBED /* MusicListCell.xib */,
			);
			path = TableCells;
			sourceTree = "<group>";
		};
		1870A2AE2CAFC08E0039DCCB /* TabBarController */ = {
			isa = PBXGroup;
			children = (
				1870A2AF2CAFC0C10039DCCB /* TabBarController.swift */,
			);
			path = TabBarController;
			sourceTree = "<group>";
		};
		187585772CB3BABE00D79781 /* Builder */ = {
			isa = PBXGroup;
			children = (
				187585782CB3BAE000D79781 /* HomeBuilder.swift */,
			);
			path = Builder;
			sourceTree = "<group>";
		};
		1875857C2CB3D46300D79781 /* ArtistPage */ = {
			isa = PBXGroup;
			children = (
				1875857D2CB3D49A00D79781 /* ArtistVC.swift */,
				1875857E2CB3D49A00D79781 /* ArtistVC.xib */,
				187585812CB3E0BF00D79781 /* AlbumsCollectionViewCell.swift */,
				187585822CB3E0C000D79781 /* AlbumsCollectionViewCell.xib */,
			);
			path = ArtistPage;
			sourceTree = "<group>";
		};
		187585892CB4023300D79781 /* NowPlaying */ = {
			isa = PBXGroup;
			children = (
				1875858C2CB402B700D79781 /* NowPlayingVC.swift */,
				1875858D2CB402B700D79781 /* NowPlayingVC.xib */,
			);
			path = NowPlaying;
			sourceTree = "<group>";
		};
		187DDF032CB52DC50021EBBA /* Model */ = {
			isa = PBXGroup;
			children = (
				187DDF072CB52E0A0021EBBA /* ProfileModel.swift */,
				187DDF152CB5405D0021EBBA /* PlayListModel.swift */,
			);
			path = Model;
			sourceTree = "<group>";
		};
		187DDF052CB52DD20021EBBA /* View */ = {
			isa = PBXGroup;
			children = (
				186E81222CAFE1CB00D1FBED /* ProfileVC.swift */,
				186E81232CAFE1CB00D1FBED /* ProfileVC.xib */,
				187DDF112CB536370021EBBA /* PlayListTableViewCell.swift */,
				187DDF122CB536370021EBBA /* PlayListTableViewCell.xib */,
			);
			path = View;
			sourceTree = "<group>";
		};
		187DDF092CB52E130021EBBA /* ViewModel */ = {
			isa = PBXGroup;
			children = (
				187DDF012CB529120021EBBA /* ProfileViewModel.swift */,
			);
			path = ViewModel;
			sourceTree = "<group>";
		};
		187DDF0A2CB52E230021EBBA /* ProfileBuilder */ = {
			isa = PBXGroup;
			children = (
				187DDF0B2CB52E3B0021EBBA /* ProfileBuilder.swift */,
			);
			path = ProfileBuilder;
			sourceTree = "<group>";
		};
		1889E3A62CAE6678004BBF12 = {
			isa = PBXGroup;
			children = (
				1889E3B12CAE6678004BBF12 /* SpotifyClone */,
				1889E3B02CAE6678004BBF12 /* Products */,
			);
			sourceTree = "<group>";
		};
		1889E3B02CAE6678004BBF12 /* Products */ = {
			isa = PBXGroup;
			children = (
				1889E3AF2CAE6678004BBF12 /* SpotifyClone.app */,
			);
			name = Products;
			sourceTree = "<group>";
		};
		1889E3B12CAE6678004BBF12 /* SpotifyClone */ = {
			isa = PBXGroup;
			children = (
				1889E3C92CAE6927004BBF12 /* Application */,
				1889E3CA2CAE6935004BBF12 /* Support */,
				1889E3CD2CAE69A8004BBF12 /* Modules */,
				1889E3CF2CAE69DE004BBF12 /* Storyboard  */,
				1889E3CE2CAE69CC004BBF12 /* Resources  */,
				1889E3C32CAE668D004BBF12 /* Info.plist */,
			);
			path = SpotifyClone;
			sourceTree = "<group>";
		};
		1889E3C92CAE6927004BBF12 /* Application */ = {
			isa = PBXGroup;
			children = (
				1889E3B22CAE6678004BBF12 /* AppDelegate.swift */,
				1889E3B42CAE6678004BBF12 /* SceneDelegate.swift */,
			);
			path = Application;
			sourceTree = "<group>";
		};
		1889E3CA2CAE6935004BBF12 /* Support */ = {
			isa = PBXGroup;
			children = (
				1889E3CC2CAE6968004BBF12 /* Constants */,
				1889E3CB2CAE6958004BBF12 /* Extensions */,
				1889E3D02CAE6A04004BBF12 /* Helper */,
				1889E3E42CAE99AD004BBF12 /* CustomItems  */,
			);
			path = Support;
			sourceTree = "<group>";
		};
		1889E3CB2CAE6958004BBF12 /* Extensions */ = {
			isa = PBXGroup;
			children = (
				1870A2B32CAFCB600039DCCB /* UIViewController+Extension.swift */,
				186E812E2CAFFB8200D1FBED /* Cell+Extension.swift */,
				187585852CB3F2E900D79781 /* UIColor+Extension.swift */,
				187585872CB3FB7000D79781 /* UIImage+Extension.swift */,
				186E81302CB0053600D1FBED /* String+Extension.swift */,
				187DDF0F2CB533B40021EBBA /* UIView+Extension.swift */,
			);
			path = Extensions;
			sourceTree = "<group>";
		};
		1889E3CC2CAE6968004BBF12 /* Constants */ = {
			isa = PBXGroup;
			children = (
				1870A2B12CAFC20A0039DCCB /* ImageConstants .swift */,
				18708CB62CAFD3340054780C /* ColorConstants .swift */,
			);
			path = Constants;
			sourceTree = "<group>";
		};
		1889E3CD2CAE69A8004BBF12 /* Modules */ = {
			isa = PBXGroup;
			children = (
				1889E3D12CAE6B73004BBF12 /* Onboarding */,
				1889E3DB2CAE8B2F004BBF12 /* Register */,
				1870A2AE2CAFC08E0039DCCB /* TabBarController */,
				186E810F2CAFDFD800D1FBED /* Home */,
				186E81172CAFE13600D1FBED /* Setting */,
				186E81182CAFE14400D1FBED /* Likes */,
				186E81192CAFE16100D1FBED /* Profile */,
				1875857C2CB3D46300D79781 /* ArtistPage */,
				187585892CB4023300D79781 /* NowPlaying */,
			);
			path = Modules;
			sourceTree = "<group>";
		};
		1889E3CE2CAE69CC004BBF12 /* Resources  */ = {
			isa = PBXGroup;
			children = (
				1889E3BE2CAE668D004BBF12 /* Assets.xcassets */,
			);
			path = "Resources ";
			sourceTree = "<group>";
		};
		1889E3CF2CAE69DE004BBF12 /* Storyboard  */ = {
			isa = PBXGroup;
			children = (
				1889E3B82CAE6678004BBF12 /* Main.storyboard */,
				1889E3C02CAE668D004BBF12 /* LaunchScreen.storyboard */,
			);
			path = "Storyboard ";
			sourceTree = "<group>";
		};
		1889E3D02CAE6A04004BBF12 /* Helper */ = {
			isa = PBXGroup;
			children = (
				1889E3BB2CAE6678004BBF12 /* SpotifyClone.xcdatamodeld */,
				1889E3E92CAEBDE7004BBF12 /* DeviceHelper.swift */,
			);
			path = Helper;
			sourceTree = "<group>";
		};
		1889E3D12CAE6B73004BBF12 /* Onboarding */ = {
			isa = PBXGroup;
			children = (
				1889E3D22CAE6BE9004BBF12 /* View  */,
			);
			path = Onboarding;
			sourceTree = "<group>";
		};
		1889E3D22CAE6BE9004BBF12 /* View  */ = {
			isa = PBXGroup;
			children = (
				1889E3D32CAE6C1F004BBF12 /* OnboardingFirstVC.swift */,
				1889E3D42CAE6C1F004BBF12 /* OnboardingFirstVC.xib */,
				1889E3D72CAE72F3004BBF12 /* OnboardingSecondVC.swift */,
				1889E3D82CAE72F3004BBF12 /* OnboardingSecondVC.xib */,
			);
			path = "View ";
			sourceTree = "<group>";
		};
		1889E3DB2CAE8B2F004BBF12 /* Register */ = {
			isa = PBXGroup;
			children = (
				1889E3DC2CAE8C72004BBF12 /* RegisterOrSignupVC.swift */,
				1889E3DD2CAE8C72004BBF12 /* RegisterOrSignupVC.xib */,
				1889E3E02CAE91D5004BBF12 /* SignInVC.swift */,
				1889E3E12CAE91D5004BBF12 /* SignInVC.xib */,
				1889E3EB2CAEC91F004BBF12 /* RegisterVC.swift */,
				1889E3EC2CAEC91F004BBF12 /* RegisterVC.xib */,
			);
			path = Register;
			sourceTree = "<group>";
		};
		1889E3E42CAE99AD004BBF12 /* CustomItems  */ = {
			isa = PBXGroup;
			children = (
				1889E3E52CAEA3A3004BBF12 /* CustomTextfieldView.swift */,
				1889E3E72CAEA3B3004BBF12 /* CustomTextfieldView.xib */,
				187DDF0D2CB531D30021EBBA /* BottomCornerView.swift */,
			);
			path = "CustomItems ";
			sourceTree = "<group>";
		};
/* End PBXGroup section */

/* Begin PBXNativeTarget section */
		1889E3AE2CAE6678004BBF12 /* SpotifyClone */ = {
			isa = PBXNativeTarget;
			buildConfigurationList = 1889E3C62CAE668D004BBF12 /* Build configuration list for PBXNativeTarget "SpotifyClone" */;
			buildPhases = (
				1889E3AB2CAE6678004BBF12 /* Sources */,
				1889E3AC2CAE6678004BBF12 /* Frameworks */,
				1889E3AD2CAE6678004BBF12 /* Resources */,
			);
			buildRules = (
			);
			dependencies = (
			);
			name = SpotifyClone;
			productName = SpotifyClone;
			productReference = 1889E3AF2CAE6678004BBF12 /* SpotifyClone.app */;
			productType = "com.apple.product-type.application";
		};
/* End PBXNativeTarget section */

/* Begin PBXProject section */
		1889E3A72CAE6678004BBF12 /* Project object */ = {
			isa = PBXProject;
			attributes = {
				BuildIndependentTargetsInParallel = 1;
				LastSwiftUpdateCheck = 1420;
				LastUpgradeCheck = 1420;
				TargetAttributes = {
					1889E3AE2CAE6678004BBF12 = {
						CreatedOnToolsVersion = 14.2;
					};
				};
			};
			buildConfigurationList = 1889E3AA2CAE6678004BBF12 /* Build configuration list for PBXProject "SpotifyClone" */;
			compatibilityVersion = "Xcode 14.0";
			developmentRegion = en;
			hasScannedForEncodings = 0;
			knownRegions = (
				en,
				Base,
			);
			mainGroup = 1889E3A62CAE6678004BBF12;
			productRefGroup = 1889E3B02CAE6678004BBF12 /* Products */;
			projectDirPath = "";
			projectRoot = "";
			targets = (
				1889E3AE2CAE6678004BBF12 /* SpotifyClone */,
			);
		};
/* End PBXProject section */

/* Begin PBXResourcesBuildPhase section */
		1889E3AD2CAE6678004BBF12 /* Resources */ = {
			isa = PBXResourcesBuildPhase;
			buildActionMask = 2147483647;
			files = (
				1889E3C22CAE668D004BBF12 /* LaunchScreen.storyboard in Resources */,
				1889E3DA2CAE72F3004BBF12 /* OnboardingSecondVC.xib in Resources */,
				187DDF142CB536370021EBBA /* PlayListTableViewCell.xib in Resources */,
				1889E3DF2CAE8C72004BBF12 /* RegisterOrSignupVC.xib in Resources */,
				1889E3EE2CAEC91F004BBF12 /* RegisterVC.xib in Resources */,
				1889E3BF2CAE668D004BBF12 /* Assets.xcassets in Resources */,
				1889E3D62CAE6C1F004BBF12 /* OnboardingFirstVC.xib in Resources */,
				1889E3BA2CAE6678004BBF12 /* Main.storyboard in Resources */,
				186E81162CAFE02F00D1FBED /* HomeVC.xib in Resources */,
				186E812B2CAFFB1100D1FBED /* TitleCollectionCell.xib in Resources */,
				1875858F2CB402B700D79781 /* NowPlayingVC.xib in Resources */,
				186E811D2CAFE19900D1FBED /* SettingVC.xib in Resources */,
				186E81212CAFE1B200D1FBED /* LikeVC.xib in Resources */,
				1889E3E32CAE91D5004BBF12 /* SignInVC.xib in Resources */,
				187585842CB3E0C000D79781 /* AlbumsCollectionViewCell.xib in Resources */,
				186E81352CB00DFA00D1FBED /* MusicCollectionCell.xib in Resources */,
				1889E3E82CAEA3B3004BBF12 /* CustomTextfieldView.xib in Resources */,
				187585802CB3D49A00D79781 /* ArtistVC.xib in Resources */,
				186E81252CAFE1CB00D1FBED /* ProfileVC.xib in Resources */,
				186E813F2CB0165500D1FBED /* MusicListCell.xib in Resources */,
			);
			runOnlyForDeploymentPostprocessing = 0;
		};
/* End PBXResourcesBuildPhase section */

/* Begin PBXSourcesBuildPhase section */
		1889E3AB2CAE6678004BBF12 /* Sources */ = {
			isa = PBXSourcesBuildPhase;
			buildActionMask = 2147483647;
			files = (
				187DDF0E2CB531D30021EBBA /* BottomCornerView.swift in Sources */,
				186E81272CAFF97200D1FBED /* HomeViewModel.swift in Sources */,
				186E812F2CAFFB8200D1FBED /* Cell+Extension.swift in Sources */,
				187585792CB3BAE000D79781 /* HomeBuilder.swift in Sources */,
				187DDF082CB52E0A0021EBBA /* ProfileModel.swift in Sources */,
				1889E3BD2CAE6678004BBF12 /* SpotifyClone.xcdatamodeld in Sources */,
				186E811C2CAFE19900D1FBED /* SettingVC.swift in Sources */,
				1870A2B42CAFCB610039DCCB /* UIViewController+Extension.swift in Sources */,
				1889E3B32CAE6678004BBF12 /* AppDelegate.swift in Sources */,
				1870A2B02CAFC0C10039DCCB /* TabBarController.swift in Sources */,
				186E81342CB00DFA00D1FBED /* MusicCollectionCell.swift in Sources */,
				1889E3DE2CAE8C72004BBF12 /* RegisterOrSignupVC.swift in Sources */,
				187DDF0C2CB52E3B0021EBBA /* ProfileBuilder.swift in Sources */,
				1889E3E62CAEA3A3004BBF12 /* CustomTextfieldView.swift in Sources */,
				186E81152CAFE02F00D1FBED /* HomeVC.swift in Sources */,
				186E813E2CB0165500D1FBED /* MusicListCell.swift in Sources */,
				186E81202CAFE1B200D1FBED /* LikeVC.swift in Sources */,
				1889E3EA2CAEBDE7004BBF12 /* DeviceHelper.swift in Sources */,
				186E81312CB0053600D1FBED /* String+Extension.swift in Sources */,
				1889E3D92CAE72F3004BBF12 /* OnboardingSecondVC.swift in Sources */,
				187DDF022CB529120021EBBA /* ProfileViewModel.swift in Sources */,
				1889E3E22CAE91D5004BBF12 /* SignInVC.swift in Sources */,
				1875857F2CB3D49A00D79781 /* ArtistVC.swift in Sources */,
				187585862CB3F2E900D79781 /* UIColor+Extension.swift in Sources */,
				1875858E2CB402B700D79781 /* NowPlayingVC.swift in Sources */,
				1875857B2CB3C04C00D79781 /* SongModel.swift in Sources */,
				187585832CB3E0C000D79781 /* AlbumsCollectionViewCell.swift in Sources */,
				186E81242CAFE1CB00D1FBED /* ProfileVC.swift in Sources */,
				186E812A2CAFFB1100D1FBED /* TitleCollectionCell.swift in Sources */,
				18708CB72CAFD3340054780C /* ColorConstants .swift in Sources */,
				187DDF102CB533B40021EBBA /* UIView+Extension.swift in Sources */,
				1889E3D52CAE6C1F004BBF12 /* OnboardingFirstVC.swift in Sources */,
				187DDF132CB536370021EBBA /* PlayListTableViewCell.swift in Sources */,
				1889E3B52CAE6678004BBF12 /* SceneDelegate.swift in Sources */,
				187585882CB3FB7000D79781 /* UIImage+Extension.swift in Sources */,
				187DDF162CB5405D0021EBBA /* PlayListModel.swift in Sources */,
				1889E3ED2CAEC91F004BBF12 /* RegisterVC.swift in Sources */,
				1870A2B22CAFC20A0039DCCB /* ImageConstants .swift in Sources */,
			);
			runOnlyForDeploymentPostprocessing = 0;
		};
/* End PBXSourcesBuildPhase section */

/* Begin PBXVariantGroup section */
		1889E3B82CAE6678004BBF12 /* Main.storyboard */ = {
			isa = PBXVariantGroup;
			children = (
				1889E3B92CAE6678004BBF12 /* Base */,
			);
			name = Main.storyboard;
			sourceTree = "<group>";
		};
		1889E3C02CAE668D004BBF12 /* LaunchScreen.storyboard */ = {
			isa = PBXVariantGroup;
			children = (
				1889E3C12CAE668D004BBF12 /* Base */,
			);
			name = LaunchScreen.storyboard;
			sourceTree = "<group>";
		};
/* End PBXVariantGroup section */

/* Begin XCBuildConfiguration section */
		1889E3C42CAE668D004BBF12 /* Debug */ = {
			isa = XCBuildConfiguration;
			buildSettings = {
				ALWAYS_SEARCH_USER_PATHS = NO;
				CLANG_ANALYZER_NONNULL = YES;
				CLANG_ANALYZER_NUMBER_OBJECT_CONVERSION = YES_AGGRESSIVE;
				CLANG_CXX_LANGUAGE_STANDARD = "gnu++20";
				CLANG_ENABLE_MODULES = YES;
				CLANG_ENABLE_OBJC_ARC = YES;
				CLANG_ENABLE_OBJC_WEAK = YES;
				CLANG_WARN_BLOCK_CAPTURE_AUTORELEASING = YES;
				CLANG_WARN_BOOL_CONVERSION = YES;
				CLANG_WARN_COMMA = YES;
				CLANG_WARN_CONSTANT_CONVERSION = YES;
				CLANG_WARN_DEPRECATED_OBJC_IMPLEMENTATIONS = YES;
				CLANG_WARN_DIRECT_OBJC_ISA_USAGE = YES_ERROR;
				CLANG_WARN_DOCUMENTATION_COMMENTS = YES;
				CLANG_WARN_EMPTY_BODY = YES;
				CLANG_WARN_ENUM_CONVERSION = YES;
				CLANG_WARN_INFINITE_RECURSION = YES;
				CLANG_WARN_INT_CONVERSION = YES;
				CLANG_WARN_NON_LITERAL_NULL_CONVERSION = YES;
				CLANG_WARN_OBJC_IMPLICIT_RETAIN_SELF = YES;
				CLANG_WARN_OBJC_LITERAL_CONVERSION = YES;
				CLANG_WARN_OBJC_ROOT_CLASS = YES_ERROR;
				CLANG_WARN_QUOTED_INCLUDE_IN_FRAMEWORK_HEADER = YES;
				CLANG_WARN_RANGE_LOOP_ANALYSIS = YES;
				CLANG_WARN_STRICT_PROTOTYPES = YES;
				CLANG_WARN_SUSPICIOUS_MOVE = YES;
				CLANG_WARN_UNGUARDED_AVAILABILITY = YES_AGGRESSIVE;
				CLANG_WARN_UNREACHABLE_CODE = YES;
				CLANG_WARN__DUPLICATE_METHOD_MATCH = YES;
				COPY_PHASE_STRIP = NO;
				DEBUG_INFORMATION_FORMAT = dwarf;
				ENABLE_STRICT_OBJC_MSGSEND = YES;
				ENABLE_TESTABILITY = YES;
				GCC_C_LANGUAGE_STANDARD = gnu11;
				GCC_DYNAMIC_NO_PIC = NO;
				GCC_NO_COMMON_BLOCKS = YES;
				GCC_OPTIMIZATION_LEVEL = 0;
				GCC_PREPROCESSOR_DEFINITIONS = (
					"DEBUG=1",
					"$(inherited)",
				);
				GCC_WARN_64_TO_32_BIT_CONVERSION = YES;
				GCC_WARN_ABOUT_RETURN_TYPE = YES_ERROR;
				GCC_WARN_UNDECLARED_SELECTOR = YES;
				GCC_WARN_UNINITIALIZED_AUTOS = YES_AGGRESSIVE;
				GCC_WARN_UNUSED_FUNCTION = YES;
				GCC_WARN_UNUSED_VARIABLE = YES;
				IPHONEOS_DEPLOYMENT_TARGET = 15.0;
				MTL_ENABLE_DEBUG_INFO = INCLUDE_SOURCE;
				MTL_FAST_MATH = YES;
				ONLY_ACTIVE_ARCH = YES;
				SDKROOT = iphoneos;
				SWIFT_ACTIVE_COMPILATION_CONDITIONS = DEBUG;
				SWIFT_OPTIMIZATION_LEVEL = "-Onone";
			};
			name = Debug;
		};
		1889E3C52CAE668D004BBF12 /* Release */ = {
			isa = XCBuildConfiguration;
			buildSettings = {
				ALWAYS_SEARCH_USER_PATHS = NO;
				CLANG_ANALYZER_NONNULL = YES;
				CLANG_ANALYZER_NUMBER_OBJECT_CONVERSION = YES_AGGRESSIVE;
				CLANG_CXX_LANGUAGE_STANDARD = "gnu++20";
				CLANG_ENABLE_MODULES = YES;
				CLANG_ENABLE_OBJC_ARC = YES;
				CLANG_ENABLE_OBJC_WEAK = YES;
				CLANG_WARN_BLOCK_CAPTURE_AUTORELEASING = YES;
				CLANG_WARN_BOOL_CONVERSION = YES;
				CLANG_WARN_COMMA = YES;
				CLANG_WARN_CONSTANT_CONVERSION = YES;
				CLANG_WARN_DEPRECATED_OBJC_IMPLEMENTATIONS = YES;
				CLANG_WARN_DIRECT_OBJC_ISA_USAGE = YES_ERROR;
				CLANG_WARN_DOCUMENTATION_COMMENTS = YES;
				CLANG_WARN_EMPTY_BODY = YES;
				CLANG_WARN_ENUM_CONVERSION = YES;
				CLANG_WARN_INFINITE_RECURSION = YES;
				CLANG_WARN_INT_CONVERSION = YES;
				CLANG_WARN_NON_LITERAL_NULL_CONVERSION = YES;
				CLANG_WARN_OBJC_IMPLICIT_RETAIN_SELF = YES;
				CLANG_WARN_OBJC_LITERAL_CONVERSION = YES;
				CLANG_WARN_OBJC_ROOT_CLASS = YES_ERROR;
				CLANG_WARN_QUOTED_INCLUDE_IN_FRAMEWORK_HEADER = YES;
				CLANG_WARN_RANGE_LOOP_ANALYSIS = YES;
				CLANG_WARN_STRICT_PROTOTYPES = YES;
				CLANG_WARN_SUSPICIOUS_MOVE = YES;
				CLANG_WARN_UNGUARDED_AVAILABILITY = YES_AGGRESSIVE;
				CLANG_WARN_UNREACHABLE_CODE = YES;
				CLANG_WARN__DUPLICATE_METHOD_MATCH = YES;
				COPY_PHASE_STRIP = NO;
				DEBUG_INFORMATION_FORMAT = "dwarf-with-dsym";
				ENABLE_NS_ASSERTIONS = NO;
				ENABLE_STRICT_OBJC_MSGSEND = YES;
				GCC_C_LANGUAGE_STANDARD = gnu11;
				GCC_NO_COMMON_BLOCKS = YES;
				GCC_WARN_64_TO_32_BIT_CONVERSION = YES;
				GCC_WARN_ABOUT_RETURN_TYPE = YES_ERROR;
				GCC_WARN_UNDECLARED_SELECTOR = YES;
				GCC_WARN_UNINITIALIZED_AUTOS = YES_AGGRESSIVE;
				GCC_WARN_UNUSED_FUNCTION = YES;
				GCC_WARN_UNUSED_VARIABLE = YES;
				IPHONEOS_DEPLOYMENT_TARGET = 15.0;
				MTL_ENABLE_DEBUG_INFO = NO;
				MTL_FAST_MATH = YES;
				SDKROOT = iphoneos;
				SWIFT_COMPILATION_MODE = wholemodule;
				SWIFT_OPTIMIZATION_LEVEL = "-O";
				VALIDATE_PRODUCT = YES;
			};
			name = Release;
		};
		1889E3C72CAE668D004BBF12 /* Debug */ = {
			isa = XCBuildConfiguration;
			buildSettings = {
				ASSETCATALOG_COMPILER_APPICON_NAME = AppIcon;
				ASSETCATALOG_COMPILER_GLOBAL_ACCENT_COLOR_NAME = AccentColor;
				CODE_SIGN_IDENTITY = "Apple Development";
				CODE_SIGN_STYLE = Automatic;
				CURRENT_PROJECT_VERSION = 1;
				DEVELOPMENT_TEAM = "";
				GENERATE_INFOPLIST_FILE = YES;
				INFOPLIST_FILE = SpotifyClone/Info.plist;
				INFOPLIST_KEY_CFBundleDisplayName = Spotify;
				INFOPLIST_KEY_UIApplicationSupportsIndirectInputEvents = YES;
				INFOPLIST_KEY_UILaunchStoryboardName = LaunchScreen;
				INFOPLIST_KEY_UIMainStoryboardFile = Main;
				INFOPLIST_KEY_UIStatusBarStyle = "";
				INFOPLIST_KEY_UISupportedInterfaceOrientations = UIInterfaceOrientationPortrait;
				INFOPLIST_KEY_UISupportedInterfaceOrientations_iPad = "UIInterfaceOrientationLandscapeLeft UIInterfaceOrientationLandscapeRight UIInterfaceOrientationPortrait UIInterfaceOrientationPortraitUpsideDown";
				IPHONEOS_DEPLOYMENT_TARGET = 15.0;
				LD_RUNPATH_SEARCH_PATHS = (
					"$(inherited)",
					"@executable_path/Frameworks",
				);
				MARKETING_VERSION = 1.0;
				PRODUCT_BUNDLE_IDENTIFIER = Vivek.SpotifyClone;
				PRODUCT_NAME = "$(TARGET_NAME)";
				PROVISIONING_PROFILE_SPECIFIER = "";
				SUPPORTED_PLATFORMS = "iphoneos iphonesimulator";
				SUPPORTS_MACCATALYST = NO;
				SUPPORTS_MAC_DESIGNED_FOR_IPHONE_IPAD = NO;
				SWIFT_EMIT_LOC_STRINGS = YES;
				SWIFT_VERSION = 5.0;
				TARGETED_DEVICE_FAMILY = 1;
			};
			name = Debug;
		};
		1889E3C82CAE668D004BBF12 /* Release */ = {
			isa = XCBuildConfiguration;
			buildSettings = {
				ASSETCATALOG_COMPILER_APPICON_NAME = AppIcon;
				ASSETCATALOG_COMPILER_GLOBAL_ACCENT_COLOR_NAME = AccentColor;
				CODE_SIGN_IDENTITY = "Apple Development";
				CODE_SIGN_STYLE = Automatic;
				CURRENT_PROJECT_VERSION = 1;
				DEVELOPMENT_TEAM = "";
				GENERATE_INFOPLIST_FILE = YES;
				INFOPLIST_FILE = SpotifyClone/Info.plist;
				INFOPLIST_KEY_CFBundleDisplayName = Spotify;
				INFOPLIST_KEY_UIApplicationSupportsIndirectInputEvents = YES;
				INFOPLIST_KEY_UILaunchStoryboardName = LaunchScreen;
				INFOPLIST_KEY_UIMainStoryboardFile = Main;
				INFOPLIST_KEY_UIStatusBarStyle = "";
				INFOPLIST_KEY_UISupportedInterfaceOrientations = UIInterfaceOrientationPortrait;
				INFOPLIST_KEY_UISupportedInterfaceOrientations_iPad = "UIInterfaceOrientationLandscapeLeft UIInterfaceOrientationLandscapeRight UIInterfaceOrientationPortrait UIInterfaceOrientationPortraitUpsideDown";
				IPHONEOS_DEPLOYMENT_TARGET = 15.0;
				LD_RUNPATH_SEARCH_PATHS = (
					"$(inherited)",
					"@executable_path/Frameworks",
				);
				MARKETING_VERSION = 1.0;
				PRODUCT_BUNDLE_IDENTIFIER = Vivek.SpotifyClone;
				PRODUCT_NAME = "$(TARGET_NAME)";
				PROVISIONING_PROFILE_SPECIFIER = "";
				SUPPORTED_PLATFORMS = "iphoneos iphonesimulator";
				SUPPORTS_MACCATALYST = NO;
				SUPPORTS_MAC_DESIGNED_FOR_IPHONE_IPAD = NO;
				SWIFT_EMIT_LOC_STRINGS = YES;
				SWIFT_VERSION = 5.0;
				TARGETED_DEVICE_FAMILY = 1;
			};
			name = Release;
		};
/* End XCBuildConfiguration section */

/* Begin XCConfigurationList section */
		1889E3AA2CAE6678004BBF12 /* Build configuration list for PBXProject "SpotifyClone" */ = {
			isa = XCConfigurationList;
			buildConfigurations = (
				1889E3C42CAE668D004BBF12 /* Debug */,
				1889E3C52CAE668D004BBF12 /* Release */,
			);
			defaultConfigurationIsVisible = 0;
			defaultConfigurationName = Release;
		};
		1889E3C62CAE668D004BBF12 /* Build configuration list for PBXNativeTarget "SpotifyClone" */ = {
			isa = XCConfigurationList;
			buildConfigurations = (
				1889E3C72CAE668D004BBF12 /* Debug */,
				1889E3C82CAE668D004BBF12 /* Release */,
			);
			defaultConfigurationIsVisible = 0;
			defaultConfigurationName = Release;
		};
/* End XCConfigurationList section */

/* Begin XCVersionGroup section */
		1889E3BB2CAE6678004BBF12 /* SpotifyClone.xcdatamodeld */ = {
			isa = XCVersionGroup;
			children = (
				1889E3BC2CAE6678004BBF12 /* SpotifyClone.xcdatamodel */,
			);
			currentVersion = 1889E3BC2CAE6678004BBF12 /* SpotifyClone.xcdatamodel */;
			path = SpotifyClone.xcdatamodeld;
			sourceTree = "<group>";
			versionGroupType = wrapper.xcdatamodel;
		};
/* End XCVersionGroup section */
	};
	rootObject = 1889E3A72CAE6678004BBF12 /* Project object */;
}
